
Microsoft Visual Studio Solution File, Format Version 12.00
# Visual Studio Version 16
VisualStudioVersion = 16.0.31220.234
MinimumVisualStudioVersion = 10.0.40219.1
Project("{8BC9CEB8-8B4A-11D0-8D11-00A0C91BC942}") = "Alohaworld", "..\Alohaworld\Alohaworld.vcxproj", "{F585263B-A4E6-4C0F-8224-5CCCE5EB0BBF}"
EndProject
Project("{2150E333-8FDC-42A3-9474-1A3956D46DE8}") = "example", "example", "{FDB64D7D-D78E-4E9B-8138-AD77F9B19EE2}"
EndProject
Project("{2150E333-8FDC-42A3-9474-1A3956D46DE8}") = "unit3", "unit3", "{35B9BB6B-EBDF-4497-8CF2-5E812316B32D}"
EndProject
Project("{8BC9CEB8-8B4A-11D0-8D11-00A0C91BC942}") = "passby value", "..\passby value\passby value.vcxproj", "{545965C8-AD0E-4E3C-BEC8-1D1F1298E009}"
EndProject
Project("{8BC9CEB8-8B4A-11D0-8D11-00A0C91BC942}") = "passbypoint", "..\passbypoint\passbypoint.vcxproj", "{1B7B6FB2-6E86-4F14-9734-BBAC6B6433B6}"
EndProject
Project("{8BC9CEB8-8B4A-11D0-8D11-00A0C91BC942}") = "passby reference", "..\passby reference\passby reference.vcxproj", "{83EAB749-9C07-4D83-96CC-AFDF17C4AEE2}"
EndProject
Project("{8BC9CEB8-8B4A-11D0-8D11-00A0C91BC942}") = "TestNewDelete", "TestNewDelete\TestNewDelete.vcxproj", "{F278DBBA-DF5C-4506-8B0C-C6986FB92787}"
EndProject
Project("{8BC9CEB8-8B4A-11D0-8D11-00A0C91BC942}") = "test decltype", "test decltype\test decltype.vcxproj", "{7F692BA6-EF84-4DE8-89DF-7F2D2968A6A7}"
EndProject
Project("{8BC9CEB8-8B4A-11D0-8D11-00A0C91BC942}") = "testdistance", "test\test.vcxproj", "{E6ABFF49-E155-4614-9ECA-ED6966CCF075}"
EndProject
Project("{8BC9CEB8-8B4A-11D0-8D11-00A0C91BC942}") = "Overloading", "Overloading\Overloading.vcxproj", "{306DDBCD-4FDB-487A-8B34-3262FC3C7E81}"
EndProject
Project("{8BC9CEB8-8B4A-11D0-8D11-00A0C91BC942}") = "基于范围的for循环", "基于范围的for循环\基于范围的for循环.vcxproj", "{3D40C32B-36A7-4A05-9551-EA1A41CE1952}"
EndProject
Project("{8BC9CEB8-8B4A-11D0-8D11-00A0C91BC942}") = "带有初始化器的if  ifWithInitializer", "带有初始化器的if switch\带有初始化器的if switch.vcxproj", "{8E35DCA7-3279-4B3A-A8F6-36D707AD2A46}"
EndProject
Project("{8BC9CEB8-8B4A-11D0-8D11-00A0C91BC942}") = "初始化器switch", "初始化器switch\初始化器switch.vcxproj", "{4BDAAF20-434D-4457-87D9-7E9F2F5FE044}"
EndProject
Project("{8BC9CEB8-8B4A-11D0-8D11-00A0C91BC942}") = "unit3 test1", "unit3 test1\unit3 test1.vcxproj", "{6E9E447D-2E70-4DB3-8913-D4CBE9A2B176}"
EndProject
Project("{8BC9CEB8-8B4A-11D0-8D11-00A0C91BC942}") = "类中静态变量static", "类中静态变量\类中静态变量.vcxproj", "{445B5073-B3A3-48CB-AED3-CC06CDD6229E}"
EndProject
Project("{2150E333-8FDC-42A3-9474-1A3956D46DE8}") = "unit4", "unit4", "{D06AF602-6FDC-4C25-80F1-83A21560962A}"
EndProject
Project("{8BC9CEB8-8B4A-11D0-8D11-00A0C91BC942}") = "创建对象并访问成员", "Project1\Project1.vcxproj", "{6CB5B6AC-E72C-4DCF-A83E-E15B206712EE}"
EndProject
Project("{2150E333-8FDC-42A3-9474-1A3956D46DE8}") = "unit5", "unit5", "{9A189FC6-BA25-49FB-9256-D3C76CD1DC11}"
EndProject
Project("{8BC9CEB8-8B4A-11D0-8D11-00A0C91BC942}") = "testObjectCopy", "testObjectCopy\testObjectCopy.vcxproj", "{F6064170-3D31-4DFB-A5E0-D983C86DD19D}"
EndProject
Project("{8BC9CEB8-8B4A-11D0-8D11-00A0C91BC942}") = "AnonymousObject", "AnonymousObject\AnonymousObject.vcxproj", "{424D8017-2DB7-4B29-86B1-A7B9BBB4987B}"
EndProject
Project("{8BC9CEB8-8B4A-11D0-8D11-00A0C91BC942}") = "circle类的声明与实现拆分", "circle\circle.vcxproj", "{A6DFF61F-4B93-414D-9991-9157E5793C29}"
EndProject
Project("{8BC9CEB8-8B4A-11D0-8D11-00A0C91BC942}") = "对象指针和动态对象", "对象指针和动态对象\对象指针和动态对象.vcxproj", "{F0B7C9EA-F387-4E0B-9965-D4AC18C08E59}"
EndProject
Project("{8BC9CEB8-8B4A-11D0-8D11-00A0C91BC942}") = "TotalArea", "TotalArea\TotalArea.vcxproj", "{FB6D5154-5DA1-4CB8-B927-F191A4FBE0EB}"
EndProject
Project("{8BC9CEB8-8B4A-11D0-8D11-00A0C91BC942}") = "对象作为函数参数", "对象作为函数参数\对象作为函数参数.vcxproj", "{CB494D70-F6CE-4C33-A5DA-C5025E511E12}"
EndProject
Project("{8BC9CEB8-8B4A-11D0-8D11-00A0C91BC942}") = "对象作为函数返回值", "对象作为函数返回值\对象作为函数返回值.vcxproj", "{742A9442-9D1A-4F6B-AAA3-676DBBEC201A}"
EndProject
Project("{8BC9CEB8-8B4A-11D0-8D11-00A0C91BC942}") = "类成员的就地初始化", "类成员的就地初始化\类成员的就地初始化.vcxproj", "{4F1E041C-72CD-4B6B-AE0D-0E7BB88ADD8A}"
EndProject
Project("{8BC9CEB8-8B4A-11D0-8D11-00A0C91BC942}") = "默认构造函数", "默认构造函数\默认构造函数.vcxproj", "{181C3250-60D4-4F43-BE54-A4260B3B4CB4}"
EndProject
Project("{8BC9CEB8-8B4A-11D0-8D11-00A0C91BC942}") = "string类", "string类\string类.vcxproj", "{296BE333-1AD8-485D-AE1D-DCBF782712EF}"
EndProject
Project("{8BC9CEB8-8B4A-11D0-8D11-00A0C91BC942}") = "array类", "array类\array类.vcxproj", "{FAB73550-C4C4-47D2-9E1B-515BAFD69A4D}"
EndProject
Project("{8BC9CEB8-8B4A-11D0-8D11-00A0C91BC942}") = "unit4 test1", "unit4 teat1\unit4 teat1.vcxproj", "{55B5BBE3-4E7D-4828-A8F9-E432BA8C0304}"
EndProject
Project("{8BC9CEB8-8B4A-11D0-8D11-00A0C91BC942}") = "unit4 test2", "unit4 test2\unit4 test2.vcxproj", "{89BF0E90-310D-4D61-A18A-EBD7B680DE02}"
EndProject
Project("{8BC9CEB8-8B4A-11D0-8D11-00A0C91BC942}") = "unit4 test2answer", "unit4 test2answer\unit4 test2answer.vcxproj", "{BA1A669D-3F4C-4E0E-9D39-75CAA1ED804F}"
EndProject
Project("{8BC9CEB8-8B4A-11D0-8D11-00A0C91BC942}") = "unit4 test3", "unit4 test3\unit4 test3.vcxproj", "{C30814A4-8ED7-4151-B172-FB127E324DE3}"
EndProject
Project("{8BC9CEB8-8B4A-11D0-8D11-00A0C91BC942}") = "常量表达式与断言", "常量表达式与断言\常量表达式与断言.vcxproj", "{1D0B2D93-0150-4423-BF10-DD0EDF72D160}"
EndProject
Project("{8BC9CEB8-8B4A-11D0-8D11-00A0C91BC942}") = "不可变对象", "不可变对象\不可变对象.vcxproj", "{65DC62EA-EBE3-4B13-B593-9535F82343B1}"
EndProject
Project("{8BC9CEB8-8B4A-11D0-8D11-00A0C91BC942}") = "实例与静态成员", "实例与静态成员\实例与静态成员.vcxproj", "{0418F5E1-CA63-4CB5-9236-D9FD61505D3E}"
EndProject
Project("{8BC9CEB8-8B4A-11D0-8D11-00A0C91BC942}") = "析构函数", "析构函数\析构函数.vcxproj", "{0BDB6289-5F89-479A-BBA5-C2C42950EFE8}"
EndProject
Project("{8BC9CEB8-8B4A-11D0-8D11-00A0C91BC942}") = "unit5 test1", "unit5 test1\unit5 test1.vcxproj", "{20D66B54-EC2E-43A7-8C52-AA803FB1DD19}"
EndProject
Project("{8BC9CEB8-8B4A-11D0-8D11-00A0C91BC942}") = "unit5 test2", "unit5 test2\unit5 test2.vcxproj", "{130DEFB0-2E2B-4C3D-B449-A90C1A8D82D4}"
EndProject
Project("{8BC9CEB8-8B4A-11D0-8D11-00A0C91BC942}") = "拷贝构造函数", "拷贝构造函数\拷贝构造函数.vcxproj", "{0690F676-E042-4034-8878-660387DB76ED}"
EndProject
Project("{8BC9CEB8-8B4A-11D0-8D11-00A0C91BC942}") = "深拷贝", "深拷贝\深拷贝.vcxproj", "{185B3676-DDAB-42FF-87AB-DE74371F76EC}"
EndProject
Project("{8BC9CEB8-8B4A-11D0-8D11-00A0C91BC942}") = "vector类", "vector类\vector类.vcxproj", "{E1FCB4E5-6289-4C11-8305-458302E9518F}"
EndProject
Project("{8BC9CEB8-8B4A-11D0-8D11-00A0C91BC942}") = "生字符串字面量", "生字符串字面量\生字符串字面量.vcxproj", "{4B99124E-E89A-4EA9-B075-64B2EFA56D18}"
EndProject
Project("{8BC9CEB8-8B4A-11D0-8D11-00A0C91BC942}") = "栈", "栈\栈.vcxproj", "{0ECCCE1D-9115-48A2-A6CB-A6A86EE7D891}"
EndProject
Project("{2150E333-8FDC-42A3-9474-1A3956D46DE8}") = "unit6", "unit6", "{FB7CC681-6903-4E82-AA03-57531CEC9529}"
EndProject
Project("{8BC9CEB8-8B4A-11D0-8D11-00A0C91BC942}") = "继承中的构造函数", "继承中的构造函数\继承中的构造函数.vcxproj", "{640FD6F4-B3C0-450B-AAA5-A3DF4CB9BAD0}"
EndProject
Project("{2150E333-8FDC-42A3-9474-1A3956D46DE8}") = "lab1", "lab1", "{922810C6-1656-4CFF-8AAD-0F40FC85892F}"
EndProject
Project("{8BC9CEB8-8B4A-11D0-8D11-00A0C91BC942}") = "lab1", "lab1\lab1.vcxproj", "{0C3A60A9-D971-4EB1-B6CE-7B380D522671}"
EndProject
Project("{8BC9CEB8-8B4A-11D0-8D11-00A0C91BC942}") = "继承中的默认构造函数", "继承中的默认构造函数\继承中的默认构造函数.vcxproj", "{D7BB568A-F52E-46E6-BBF3-1BCDB8701A9A}"
EndProject
Project("{8BC9CEB8-8B4A-11D0-8D11-00A0C91BC942}") = "构造链和析构链", "构造链和析构链\构造链和析构链.vcxproj", "{C8438FB6-347A-4716-BF35-B9B47E8D08FA}"
EndProject
Project("{8BC9CEB8-8B4A-11D0-8D11-00A0C91BC942}") = "重定义函数", "重定义函数\重定义函数.vcxproj", "{590C1A72-5F1C-44F0-8CE0-9E3C34F68413}"
EndProject
Project("{8BC9CEB8-8B4A-11D0-8D11-00A0C91BC942}") = "运行时多态", "运行时多态\运行时多态.vcxproj", "{1ECB58FC-5C5B-4996-B590-5A7CE0EA0519}"
EndProject
Project("{8BC9CEB8-8B4A-11D0-8D11-00A0C91BC942}") = "实现运行时多态-virtual", "实现运行时多态-virtual\实现运行时多态-virtual.vcxproj", "{2FC22C77-07DB-4E9A-A06E-9481BFE369F9}"
EndProject
Project("{8BC9CEB8-8B4A-11D0-8D11-00A0C91BC942}") = "继承中的访问控制属性", "继承中的访问控制属性\继承中的访问控制属性.vcxproj", "{CC47018A-0489-494C-A9BF-172402134DDA}"
EndProject
Project("{8BC9CEB8-8B4A-11D0-8D11-00A0C91BC942}") = "抽象类和纯虚函数", "抽象类和纯虚函数\抽象类和纯虚函数.vcxproj", "{4759CA6B-DD39-41D1-A6D5-B68AF9E59480}"
EndProject
Project("{8BC9CEB8-8B4A-11D0-8D11-00A0C91BC942}") = "c++17用于数组的结构化绑定", "c++17用于数组的结构化绑定\c++17用于数组的结构化绑定.vcxproj", "{0377224C-720D-4D3E-8DB2-C4936CDFA6D2}"
EndProject
Project("{8BC9CEB8-8B4A-11D0-8D11-00A0C91BC942}") = "用于对象数据成员的结构化绑定", "用于对象数据成员的结构化绑定\用于对象数据成员的结构化绑定.vcxproj", "{74203CF7-AA3E-4490-AFBD-B94BC747263D}"
EndProject
Project("{2150E333-8FDC-42A3-9474-1A3956D46DE8}") = "unit7", "unit7", "{29CF2D67-A5C7-4487-AFB3-73DDE4C099D2}"
EndProject
Project("{8BC9CEB8-8B4A-11D0-8D11-00A0C91BC942}") = "path类及其操作", "path类及其操作\path类及其操作.vcxproj", "{104C5799-ED53-413A-87EC-9ED1B6E5AAC1}"
EndProject
Project("{8BC9CEB8-8B4A-11D0-8D11-00A0C91BC942}") = "路径的组成成分", "路径的组成成分\路径的组成成分.vcxproj", "{818DDA7A-ED66-4148-8107-FE541F0BDE54}"
EndProject
Project("{8BC9CEB8-8B4A-11D0-8D11-00A0C91BC942}") = "path相关的特殊运算符", "path相关的特殊运算符\path相关的特殊运算符.vcxproj", "{DF66F4FD-D8F9-4CB5-9142-8836D852944C}"
EndProject
Project("{8BC9CEB8-8B4A-11D0-8D11-00A0C91BC942}") = "获取磁盘空间信息", "获取磁盘空间信息\获取磁盘空间信息.vcxproj", "{DA96B9C4-6B99-407A-9622-425674C4726A}"
EndProject
Project("{8BC9CEB8-8B4A-11D0-8D11-00A0C91BC942}") = "缓冲流演示", "缓冲流演示\缓冲流演示.vcxproj", "{030702A3-F1EC-4CE4-80CA-3223628DE69D}"
EndProject
Project("{8BC9CEB8-8B4A-11D0-8D11-00A0C91BC942}") = "向文件写数据", "向文件写数据\向文件写数据.vcxproj", "{08657FEB-4C43-4D37-9AB8-6746256F6D90}"
EndProject
Project("{8BC9CEB8-8B4A-11D0-8D11-00A0C91BC942}") = "从文件读数据", "从文件读数据\从文件读数据.vcxproj", "{7D31FDE7-9B36-419A-B981-28AC08B0CD99}"
EndProject
Project("{8BC9CEB8-8B4A-11D0-8D11-00A0C91BC942}") = "格式化输出", "格式化输出\格式化输出.vcxproj", "{691FDC8F-E1C9-4E7F-81D4-127AD2E7CE2E}"
EndProject
Project("{8BC9CEB8-8B4A-11D0-8D11-00A0C91BC942}") = "getline", "getline\getline.vcxproj", "{B286B51E-16D5-4B68-9BA5-3EA1BFA00613}"
EndProject
Project("{8BC9CEB8-8B4A-11D0-8D11-00A0C91BC942}") = "文件打开模式", "文件打开模式\文件打开模式.vcxproj", "{E080D103-DA98-461F-BACA-CA23198F1AAB}"
EndProject
Project("{8BC9CEB8-8B4A-11D0-8D11-00A0C91BC942}") = "二进制读写", "二进制读写\二进制读写.vcxproj", "{5C624282-DC40-4BDD-9D0F-076B3D9B6C28}"
EndProject
Project("{8BC9CEB8-8B4A-11D0-8D11-00A0C91BC942}") = "随机访问文件", "随机访问文件\随机访问文件.vcxproj", "{FEA1C63D-D910-45D7-8427-FDB6162AE550}"
EndProject
Project("{2150E333-8FDC-42A3-9474-1A3956D46DE8}") = "unit8", "unit8", "{EE3B7E56-668D-484E-9C88-F80CD639AD55}"
EndProject
Project("{8BC9CEB8-8B4A-11D0-8D11-00A0C91BC942}") = "Vec2D", "Vec2D\Vec2D.vcxproj", "{0CE0878C-76C4-4BCA-A1A2-E14A7070BE84}"
EndProject
Project("{8BC9CEB8-8B4A-11D0-8D11-00A0C91BC942}") = "OverloadingAssignmentOperator", "OverloadingAssignmentOperator\OverloadingAssignmentOperator.vcxproj", "{9174A884-2ED4-4752-853F-E40773CD4EEC}"
EndProject
Project("{8BC9CEB8-8B4A-11D0-8D11-00A0C91BC942}") = "unit6 test1", "unit6 test1\unit6 test1.vcxproj", "{FD40A68E-C034-4597-AE58-275D47EA2E64}"
EndProject
Project("{8BC9CEB8-8B4A-11D0-8D11-00A0C91BC942}") = "unit6 test2", "unit6 test2\unit6 test2.vcxproj", "{0D6095DD-C477-4116-8A6B-260484883434}"
EndProject
Project("{8BC9CEB8-8B4A-11D0-8D11-00A0C91BC942}") = "unit6 test3", "unit6 test3\unit6 test3.vcxproj", "{00057122-B904-47B6-9B2B-4BBCECF9CF1F}"
EndProject
Project("{8BC9CEB8-8B4A-11D0-8D11-00A0C91BC942}") = "test1", "test1\test1.vcxproj", "{7FB7746B-2AA9-4CC2-9E83-460DD76055E9}"
EndProject
Global
	GlobalSection(SolutionConfigurationPlatforms) = preSolution
		Debug|x64 = Debug|x64
		Debug|x86 = Debug|x86
		Release|x64 = Release|x64
		Release|x86 = Release|x86
	EndGlobalSection
	GlobalSection(ProjectConfigurationPlatforms) = postSolution
		{F585263B-A4E6-4C0F-8224-5CCCE5EB0BBF}.Debug|x64.ActiveCfg = Debug|x64
		{F585263B-A4E6-4C0F-8224-5CCCE5EB0BBF}.Debug|x64.Build.0 = Debug|x64
		{F585263B-A4E6-4C0F-8224-5CCCE5EB0BBF}.Debug|x86.ActiveCfg = Debug|Win32
		{F585263B-A4E6-4C0F-8224-5CCCE5EB0BBF}.Debug|x86.Build.0 = Debug|Win32
		{F585263B-A4E6-4C0F-8224-5CCCE5EB0BBF}.Release|x64.ActiveCfg = Release|x64
		{F585263B-A4E6-4C0F-8224-5CCCE5EB0BBF}.Release|x64.Build.0 = Release|x64
		{F585263B-A4E6-4C0F-8224-5CCCE5EB0BBF}.Release|x86.ActiveCfg = Release|Win32
		{F585263B-A4E6-4C0F-8224-5CCCE5EB0BBF}.Release|x86.Build.0 = Release|Win32
		{545965C8-AD0E-4E3C-BEC8-1D1F1298E009}.Debug|x64.ActiveCfg = Debug|x64
		{545965C8-AD0E-4E3C-BEC8-1D1F1298E009}.Debug|x64.Build.0 = Debug|x64
		{545965C8-AD0E-4E3C-BEC8-1D1F1298E009}.Debug|x86.ActiveCfg = Debug|Win32
		{545965C8-AD0E-4E3C-BEC8-1D1F1298E009}.Debug|x86.Build.0 = Debug|Win32
		{545965C8-AD0E-4E3C-BEC8-1D1F1298E009}.Release|x64.ActiveCfg = Release|x64
		{545965C8-AD0E-4E3C-BEC8-1D1F1298E009}.Release|x64.Build.0 = Release|x64
		{545965C8-AD0E-4E3C-BEC8-1D1F1298E009}.Release|x86.ActiveCfg = Release|Win32
		{545965C8-AD0E-4E3C-BEC8-1D1F1298E009}.Release|x86.Build.0 = Release|Win32
		{1B7B6FB2-6E86-4F14-9734-BBAC6B6433B6}.Debug|x64.ActiveCfg = Debug|x64
		{1B7B6FB2-6E86-4F14-9734-BBAC6B6433B6}.Debug|x64.Build.0 = Debug|x64
		{1B7B6FB2-6E86-4F14-9734-BBAC6B6433B6}.Debug|x86.ActiveCfg = Debug|Win32
		{1B7B6FB2-6E86-4F14-9734-BBAC6B6433B6}.Debug|x86.Build.0 = Debug|Win32
		{1B7B6FB2-6E86-4F14-9734-BBAC6B6433B6}.Release|x64.ActiveCfg = Release|x64
		{1B7B6FB2-6E86-4F14-9734-BBAC6B6433B6}.Release|x64.Build.0 = Release|x64
		{1B7B6FB2-6E86-4F14-9734-BBAC6B6433B6}.Release|x86.ActiveCfg = Release|Win32
		{1B7B6FB2-6E86-4F14-9734-BBAC6B6433B6}.Release|x86.Build.0 = Release|Win32
		{83EAB749-9C07-4D83-96CC-AFDF17C4AEE2}.Debug|x64.ActiveCfg = Debug|x64
		{83EAB749-9C07-4D83-96CC-AFDF17C4AEE2}.Debug|x64.Build.0 = Debug|x64
		{83EAB749-9C07-4D83-96CC-AFDF17C4AEE2}.Debug|x86.ActiveCfg = Debug|Win32
		{83EAB749-9C07-4D83-96CC-AFDF17C4AEE2}.Debug|x86.Build.0 = Debug|Win32
		{83EAB749-9C07-4D83-96CC-AFDF17C4AEE2}.Release|x64.ActiveCfg = Release|x64
		{83EAB749-9C07-4D83-96CC-AFDF17C4AEE2}.Release|x64.Build.0 = Release|x64
		{83EAB749-9C07-4D83-96CC-AFDF17C4AEE2}.Release|x86.ActiveCfg = Release|Win32
		{83EAB749-9C07-4D83-96CC-AFDF17C4AEE2}.Release|x86.Build.0 = Release|Win32
		{F278DBBA-DF5C-4506-8B0C-C6986FB92787}.Debug|x64.ActiveCfg = Debug|x64
		{F278DBBA-DF5C-4506-8B0C-C6986FB92787}.Debug|x64.Build.0 = Debug|x64
		{F278DBBA-DF5C-4506-8B0C-C6986FB92787}.Debug|x86.ActiveCfg = Debug|Win32
		{F278DBBA-DF5C-4506-8B0C-C6986FB92787}.Debug|x86.Build.0 = Debug|Win32
		{F278DBBA-DF5C-4506-8B0C-C6986FB92787}.Release|x64.ActiveCfg = Release|x64
		{F278DBBA-DF5C-4506-8B0C-C6986FB92787}.Release|x64.Build.0 = Release|x64
		{F278DBBA-DF5C-4506-8B0C-C6986FB92787}.Release|x86.ActiveCfg = Release|Win32
		{F278DBBA-DF5C-4506-8B0C-C6986FB92787}.Release|x86.Build.0 = Release|Win32
		{7F692BA6-EF84-4DE8-89DF-7F2D2968A6A7}.Debug|x64.ActiveCfg = Debug|x64
		{7F692BA6-EF84-4DE8-89DF-7F2D2968A6A7}.Debug|x64.Build.0 = Debug|x64
		{7F692BA6-EF84-4DE8-89DF-7F2D2968A6A7}.Debug|x86.ActiveCfg = Debug|Win32
		{7F692BA6-EF84-4DE8-89DF-7F2D2968A6A7}.Debug|x86.Build.0 = Debug|Win32
		{7F692BA6-EF84-4DE8-89DF-7F2D2968A6A7}.Release|x64.ActiveCfg = Release|x64
		{7F692BA6-EF84-4DE8-89DF-7F2D2968A6A7}.Release|x64.Build.0 = Release|x64
		{7F692BA6-EF84-4DE8-89DF-7F2D2968A6A7}.Release|x86.ActiveCfg = Release|Win32
		{7F692BA6-EF84-4DE8-89DF-7F2D2968A6A7}.Release|x86.Build.0 = Release|Win32
		{E6ABFF49-E155-4614-9ECA-ED6966CCF075}.Debug|x64.ActiveCfg = Debug|x64
		{E6ABFF49-E155-4614-9ECA-ED6966CCF075}.Debug|x64.Build.0 = Debug|x64
		{E6ABFF49-E155-4614-9ECA-ED6966CCF075}.Debug|x86.ActiveCfg = Debug|Win32
		{E6ABFF49-E155-4614-9ECA-ED6966CCF075}.Debug|x86.Build.0 = Debug|Win32
		{E6ABFF49-E155-4614-9ECA-ED6966CCF075}.Release|x64.ActiveCfg = Release|x64
		{E6ABFF49-E155-4614-9ECA-ED6966CCF075}.Release|x64.Build.0 = Release|x64
		{E6ABFF49-E155-4614-9ECA-ED6966CCF075}.Release|x86.ActiveCfg = Release|Win32
		{E6ABFF49-E155-4614-9ECA-ED6966CCF075}.Release|x86.Build.0 = Release|Win32
		{306DDBCD-4FDB-487A-8B34-3262FC3C7E81}.Debug|x64.ActiveCfg = Debug|x64
		{306DDBCD-4FDB-487A-8B34-3262FC3C7E81}.Debug|x64.Build.0 = Debug|x64
		{306DDBCD-4FDB-487A-8B34-3262FC3C7E81}.Debug|x86.ActiveCfg = Debug|Win32
		{306DDBCD-4FDB-487A-8B34-3262FC3C7E81}.Debug|x86.Build.0 = Debug|Win32
		{306DDBCD-4FDB-487A-8B34-3262FC3C7E81}.Release|x64.ActiveCfg = Release|x64
		{306DDBCD-4FDB-487A-8B34-3262FC3C7E81}.Release|x64.Build.0 = Release|x64
		{306DDBCD-4FDB-487A-8B34-3262FC3C7E81}.Release|x86.ActiveCfg = Release|Win32
		{306DDBCD-4FDB-487A-8B34-3262FC3C7E81}.Release|x86.Build.0 = Release|Win32
		{3D40C32B-36A7-4A05-9551-EA1A41CE1952}.Debug|x64.ActiveCfg = Debug|x64
		{3D40C32B-36A7-4A05-9551-EA1A41CE1952}.Debug|x64.Build.0 = Debug|x64
		{3D40C32B-36A7-4A05-9551-EA1A41CE1952}.Debug|x86.ActiveCfg = Debug|Win32
		{3D40C32B-36A7-4A05-9551-EA1A41CE1952}.Debug|x86.Build.0 = Debug|Win32
		{3D40C32B-36A7-4A05-9551-EA1A41CE1952}.Release|x64.ActiveCfg = Release|x64
		{3D40C32B-36A7-4A05-9551-EA1A41CE1952}.Release|x64.Build.0 = Release|x64
		{3D40C32B-36A7-4A05-9551-EA1A41CE1952}.Release|x86.ActiveCfg = Release|Win32
		{3D40C32B-36A7-4A05-9551-EA1A41CE1952}.Release|x86.Build.0 = Release|Win32
		{8E35DCA7-3279-4B3A-A8F6-36D707AD2A46}.Debug|x64.ActiveCfg = Debug|x64
		{8E35DCA7-3279-4B3A-A8F6-36D707AD2A46}.Debug|x64.Build.0 = Debug|x64
		{8E35DCA7-3279-4B3A-A8F6-36D707AD2A46}.Debug|x86.ActiveCfg = Debug|Win32
		{8E35DCA7-3279-4B3A-A8F6-36D707AD2A46}.Debug|x86.Build.0 = Debug|Win32
		{8E35DCA7-3279-4B3A-A8F6-36D707AD2A46}.Release|x64.ActiveCfg = Release|x64
		{8E35DCA7-3279-4B3A-A8F6-36D707AD2A46}.Release|x64.Build.0 = Release|x64
		{8E35DCA7-3279-4B3A-A8F6-36D707AD2A46}.Release|x86.ActiveCfg = Release|Win32
		{8E35DCA7-3279-4B3A-A8F6-36D707AD2A46}.Release|x86.Build.0 = Release|Win32
		{4BDAAF20-434D-4457-87D9-7E9F2F5FE044}.Debug|x64.ActiveCfg = Debug|x64
		{4BDAAF20-434D-4457-87D9-7E9F2F5FE044}.Debug|x64.Build.0 = Debug|x64
		{4BDAAF20-434D-4457-87D9-7E9F2F5FE044}.Debug|x86.ActiveCfg = Debug|Win32
		{4BDAAF20-434D-4457-87D9-7E9F2F5FE044}.Debug|x86.Build.0 = Debug|Win32
		{4BDAAF20-434D-4457-87D9-7E9F2F5FE044}.Release|x64.ActiveCfg = Release|x64
		{4BDAAF20-434D-4457-87D9-7E9F2F5FE044}.Release|x64.Build.0 = Release|x64
		{4BDAAF20-434D-4457-87D9-7E9F2F5FE044}.Release|x86.ActiveCfg = Release|Win32
		{4BDAAF20-434D-4457-87D9-7E9F2F5FE044}.Release|x86.Build.0 = Release|Win32
		{6E9E447D-2E70-4DB3-8913-D4CBE9A2B176}.Debug|x64.ActiveCfg = Debug|x64
		{6E9E447D-2E70-4DB3-8913-D4CBE9A2B176}.Debug|x64.Build.0 = Debug|x64
		{6E9E447D-2E70-4DB3-8913-D4CBE9A2B176}.Debug|x86.ActiveCfg = Debug|Win32
		{6E9E447D-2E70-4DB3-8913-D4CBE9A2B176}.Debug|x86.Build.0 = Debug|Win32
		{6E9E447D-2E70-4DB3-8913-D4CBE9A2B176}.Release|x64.ActiveCfg = Release|x64
		{6E9E447D-2E70-4DB3-8913-D4CBE9A2B176}.Release|x64.Build.0 = Release|x64
		{6E9E447D-2E70-4DB3-8913-D4CBE9A2B176}.Release|x86.ActiveCfg = Release|Win32
		{6E9E447D-2E70-4DB3-8913-D4CBE9A2B176}.Release|x86.Build.0 = Release|Win32
		{445B5073-B3A3-48CB-AED3-CC06CDD6229E}.Debug|x64.ActiveCfg = Debug|x64
		{445B5073-B3A3-48CB-AED3-CC06CDD6229E}.Debug|x64.Build.0 = Debug|x64
		{445B5073-B3A3-48CB-AED3-CC06CDD6229E}.Debug|x86.ActiveCfg = Debug|Win32
		{445B5073-B3A3-48CB-AED3-CC06CDD6229E}.Debug|x86.Build.0 = Debug|Win32
		{445B5073-B3A3-48CB-AED3-CC06CDD6229E}.Release|x64.ActiveCfg = Release|x64
		{445B5073-B3A3-48CB-AED3-CC06CDD6229E}.Release|x64.Build.0 = Release|x64
		{445B5073-B3A3-48CB-AED3-CC06CDD6229E}.Release|x86.ActiveCfg = Release|Win32
		{445B5073-B3A3-48CB-AED3-CC06CDD6229E}.Release|x86.Build.0 = Release|Win32
		{6CB5B6AC-E72C-4DCF-A83E-E15B206712EE}.Debug|x64.ActiveCfg = Debug|x64
		{6CB5B6AC-E72C-4DCF-A83E-E15B206712EE}.Debug|x64.Build.0 = Debug|x64
		{6CB5B6AC-E72C-4DCF-A83E-E15B206712EE}.Debug|x86.ActiveCfg = Debug|Win32
		{6CB5B6AC-E72C-4DCF-A83E-E15B206712EE}.Debug|x86.Build.0 = Debug|Win32
		{6CB5B6AC-E72C-4DCF-A83E-E15B206712EE}.Release|x64.ActiveCfg = Release|x64
		{6CB5B6AC-E72C-4DCF-A83E-E15B206712EE}.Release|x64.Build.0 = Release|x64
		{6CB5B6AC-E72C-4DCF-A83E-E15B206712EE}.Release|x86.ActiveCfg = Release|Win32
		{6CB5B6AC-E72C-4DCF-A83E-E15B206712EE}.Release|x86.Build.0 = Release|Win32
		{F6064170-3D31-4DFB-A5E0-D983C86DD19D}.Debug|x64.ActiveCfg = Debug|x64
		{F6064170-3D31-4DFB-A5E0-D983C86DD19D}.Debug|x64.Build.0 = Debug|x64
		{F6064170-3D31-4DFB-A5E0-D983C86DD19D}.Debug|x86.ActiveCfg = Debug|Win32
		{F6064170-3D31-4DFB-A5E0-D983C86DD19D}.Debug|x86.Build.0 = Debug|Win32
		{F6064170-3D31-4DFB-A5E0-D983C86DD19D}.Release|x64.ActiveCfg = Release|x64
		{F6064170-3D31-4DFB-A5E0-D983C86DD19D}.Release|x64.Build.0 = Release|x64
		{F6064170-3D31-4DFB-A5E0-D983C86DD19D}.Release|x86.ActiveCfg = Release|Win32
		{F6064170-3D31-4DFB-A5E0-D983C86DD19D}.Release|x86.Build.0 = Release|Win32
		{424D8017-2DB7-4B29-86B1-A7B9BBB4987B}.Debug|x64.ActiveCfg = Debug|x64
		{424D8017-2DB7-4B29-86B1-A7B9BBB4987B}.Debug|x64.Build.0 = Debug|x64
		{424D8017-2DB7-4B29-86B1-A7B9BBB4987B}.Debug|x86.ActiveCfg = Debug|Win32
		{424D8017-2DB7-4B29-86B1-A7B9BBB4987B}.Debug|x86.Build.0 = Debug|Win32
		{424D8017-2DB7-4B29-86B1-A7B9BBB4987B}.Release|x64.ActiveCfg = Release|x64
		{424D8017-2DB7-4B29-86B1-A7B9BBB4987B}.Release|x64.Build.0 = Release|x64
		{424D8017-2DB7-4B29-86B1-A7B9BBB4987B}.Release|x86.ActiveCfg = Release|Win32
		{424D8017-2DB7-4B29-86B1-A7B9BBB4987B}.Release|x86.Build.0 = Release|Win32
		{A6DFF61F-4B93-414D-9991-9157E5793C29}.Debug|x64.ActiveCfg = Debug|x64
		{A6DFF61F-4B93-414D-9991-9157E5793C29}.Debug|x64.Build.0 = Debug|x64
		{A6DFF61F-4B93-414D-9991-9157E5793C29}.Debug|x86.ActiveCfg = Debug|Win32
		{A6DFF61F-4B93-414D-9991-9157E5793C29}.Debug|x86.Build.0 = Debug|Win32
		{A6DFF61F-4B93-414D-9991-9157E5793C29}.Release|x64.ActiveCfg = Release|x64
		{A6DFF61F-4B93-414D-9991-9157E5793C29}.Release|x64.Build.0 = Release|x64
		{A6DFF61F-4B93-414D-9991-9157E5793C29}.Release|x86.ActiveCfg = Release|Win32
		{A6DFF61F-4B93-414D-9991-9157E5793C29}.Release|x86.Build.0 = Release|Win32
		{F0B7C9EA-F387-4E0B-9965-D4AC18C08E59}.Debug|x64.ActiveCfg = Debug|x64
		{F0B7C9EA-F387-4E0B-9965-D4AC18C08E59}.Debug|x64.Build.0 = Debug|x64
		{F0B7C9EA-F387-4E0B-9965-D4AC18C08E59}.Debug|x86.ActiveCfg = Debug|Win32
		{F0B7C9EA-F387-4E0B-9965-D4AC18C08E59}.Debug|x86.Build.0 = Debug|Win32
		{F0B7C9EA-F387-4E0B-9965-D4AC18C08E59}.Release|x64.ActiveCfg = Release|x64
		{F0B7C9EA-F387-4E0B-9965-D4AC18C08E59}.Release|x64.Build.0 = Release|x64
		{F0B7C9EA-F387-4E0B-9965-D4AC18C08E59}.Release|x86.ActiveCfg = Release|Win32
		{F0B7C9EA-F387-4E0B-9965-D4AC18C08E59}.Release|x86.Build.0 = Release|Win32
		{FB6D5154-5DA1-4CB8-B927-F191A4FBE0EB}.Debug|x64.ActiveCfg = Debug|x64
		{FB6D5154-5DA1-4CB8-B927-F191A4FBE0EB}.Debug|x64.Build.0 = Debug|x64
		{FB6D5154-5DA1-4CB8-B927-F191A4FBE0EB}.Debug|x86.ActiveCfg = Debug|Win32
		{FB6D5154-5DA1-4CB8-B927-F191A4FBE0EB}.Debug|x86.Build.0 = Debug|Win32
		{FB6D5154-5DA1-4CB8-B927-F191A4FBE0EB}.Release|x64.ActiveCfg = Release|x64
		{FB6D5154-5DA1-4CB8-B927-F191A4FBE0EB}.Release|x64.Build.0 = Release|x64
		{FB6D5154-5DA1-4CB8-B927-F191A4FBE0EB}.Release|x86.ActiveCfg = Release|Win32
		{FB6D5154-5DA1-4CB8-B927-F191A4FBE0EB}.Release|x86.Build.0 = Release|Win32
		{CB494D70-F6CE-4C33-A5DA-C5025E511E12}.Debug|x64.ActiveCfg = Debug|x64
		{CB494D70-F6CE-4C33-A5DA-C5025E511E12}.Debug|x64.Build.0 = Debug|x64
		{CB494D70-F6CE-4C33-A5DA-C5025E511E12}.Debug|x86.ActiveCfg = Debug|Win32
		{CB494D70-F6CE-4C33-A5DA-C5025E511E12}.Debug|x86.Build.0 = Debug|Win32
		{CB494D70-F6CE-4C33-A5DA-C5025E511E12}.Release|x64.ActiveCfg = Release|x64
		{CB494D70-F6CE-4C33-A5DA-C5025E511E12}.Release|x64.Build.0 = Release|x64
		{CB494D70-F6CE-4C33-A5DA-C5025E511E12}.Release|x86.ActiveCfg = Release|Win32
		{CB494D70-F6CE-4C33-A5DA-C5025E511E12}.Release|x86.Build.0 = Release|Win32
		{742A9442-9D1A-4F6B-AAA3-676DBBEC201A}.Debug|x64.ActiveCfg = Debug|x64
		{742A9442-9D1A-4F6B-AAA3-676DBBEC201A}.Debug|x64.Build.0 = Debug|x64
		{742A9442-9D1A-4F6B-AAA3-676DBBEC201A}.Debug|x86.ActiveCfg = Debug|Win32
		{742A9442-9D1A-4F6B-AAA3-676DBBEC201A}.Debug|x86.Build.0 = Debug|Win32
		{742A9442-9D1A-4F6B-AAA3-676DBBEC201A}.Release|x64.ActiveCfg = Release|x64
		{742A9442-9D1A-4F6B-AAA3-676DBBEC201A}.Release|x64.Build.0 = Release|x64
		{742A9442-9D1A-4F6B-AAA3-676DBBEC201A}.Release|x86.ActiveCfg = Release|Win32
		{742A9442-9D1A-4F6B-AAA3-676DBBEC201A}.Release|x86.Build.0 = Release|Win32
		{4F1E041C-72CD-4B6B-AE0D-0E7BB88ADD8A}.Debug|x64.ActiveCfg = Debug|x64
		{4F1E041C-72CD-4B6B-AE0D-0E7BB88ADD8A}.Debug|x64.Build.0 = Debug|x64
		{4F1E041C-72CD-4B6B-AE0D-0E7BB88ADD8A}.Debug|x86.ActiveCfg = Debug|Win32
		{4F1E041C-72CD-4B6B-AE0D-0E7BB88ADD8A}.Debug|x86.Build.0 = Debug|Win32
		{4F1E041C-72CD-4B6B-AE0D-0E7BB88ADD8A}.Release|x64.ActiveCfg = Release|x64
		{4F1E041C-72CD-4B6B-AE0D-0E7BB88ADD8A}.Release|x64.Build.0 = Release|x64
		{4F1E041C-72CD-4B6B-AE0D-0E7BB88ADD8A}.Release|x86.ActiveCfg = Release|Win32
		{4F1E041C-72CD-4B6B-AE0D-0E7BB88ADD8A}.Release|x86.Build.0 = Release|Win32
		{181C3250-60D4-4F43-BE54-A4260B3B4CB4}.Debug|x64.ActiveCfg = Debug|x64
		{181C3250-60D4-4F43-BE54-A4260B3B4CB4}.Debug|x64.Build.0 = Debug|x64
		{181C3250-60D4-4F43-BE54-A4260B3B4CB4}.Debug|x86.ActiveCfg = Debug|Win32
		{181C3250-60D4-4F43-BE54-A4260B3B4CB4}.Debug|x86.Build.0 = Debug|Win32
		{181C3250-60D4-4F43-BE54-A4260B3B4CB4}.Release|x64.ActiveCfg = Release|x64
		{181C3250-60D4-4F43-BE54-A4260B3B4CB4}.Release|x64.Build.0 = Release|x64
		{181C3250-60D4-4F43-BE54-A4260B3B4CB4}.Release|x86.ActiveCfg = Release|Win32
		{181C3250-60D4-4F43-BE54-A4260B3B4CB4}.Release|x86.Build.0 = Release|Win32
		{296BE333-1AD8-485D-AE1D-DCBF782712EF}.Debug|x64.ActiveCfg = Debug|x64
		{296BE333-1AD8-485D-AE1D-DCBF782712EF}.Debug|x64.Build.0 = Debug|x64
		{296BE333-1AD8-485D-AE1D-DCBF782712EF}.Debug|x86.ActiveCfg = Debug|Win32
		{296BE333-1AD8-485D-AE1D-DCBF782712EF}.Debug|x86.Build.0 = Debug|Win32
		{296BE333-1AD8-485D-AE1D-DCBF782712EF}.Release|x64.ActiveCfg = Release|x64
		{296BE333-1AD8-485D-AE1D-DCBF782712EF}.Release|x64.Build.0 = Release|x64
		{296BE333-1AD8-485D-AE1D-DCBF782712EF}.Release|x86.ActiveCfg = Release|Win32
		{296BE333-1AD8-485D-AE1D-DCBF782712EF}.Release|x86.Build.0 = Release|Win32
		{FAB73550-C4C4-47D2-9E1B-515BAFD69A4D}.Debug|x64.ActiveCfg = Debug|x64
		{FAB73550-C4C4-47D2-9E1B-515BAFD69A4D}.Debug|x64.Build.0 = Debug|x64
		{FAB73550-C4C4-47D2-9E1B-515BAFD69A4D}.Debug|x86.ActiveCfg = Debug|Win32
		{FAB73550-C4C4-47D2-9E1B-515BAFD69A4D}.Debug|x86.Build.0 = Debug|Win32
		{FAB73550-C4C4-47D2-9E1B-515BAFD69A4D}.Release|x64.ActiveCfg = Release|x64
		{FAB73550-C4C4-47D2-9E1B-515BAFD69A4D}.Release|x64.Build.0 = Release|x64
		{FAB73550-C4C4-47D2-9E1B-515BAFD69A4D}.Release|x86.ActiveCfg = Release|Win32
		{FAB73550-C4C4-47D2-9E1B-515BAFD69A4D}.Release|x86.Build.0 = Release|Win32
		{55B5BBE3-4E7D-4828-A8F9-E432BA8C0304}.Debug|x64.ActiveCfg = Debug|x64
		{55B5BBE3-4E7D-4828-A8F9-E432BA8C0304}.Debug|x64.Build.0 = Debug|x64
		{55B5BBE3-4E7D-4828-A8F9-E432BA8C0304}.Debug|x86.ActiveCfg = Debug|Win32
		{55B5BBE3-4E7D-4828-A8F9-E432BA8C0304}.Debug|x86.Build.0 = Debug|Win32
		{55B5BBE3-4E7D-4828-A8F9-E432BA8C0304}.Release|x64.ActiveCfg = Release|x64
		{55B5BBE3-4E7D-4828-A8F9-E432BA8C0304}.Release|x64.Build.0 = Release|x64
		{55B5BBE3-4E7D-4828-A8F9-E432BA8C0304}.Release|x86.ActiveCfg = Release|Win32
		{55B5BBE3-4E7D-4828-A8F9-E432BA8C0304}.Release|x86.Build.0 = Release|Win32
		{89BF0E90-310D-4D61-A18A-EBD7B680DE02}.Debug|x64.ActiveCfg = Debug|x64
		{89BF0E90-310D-4D61-A18A-EBD7B680DE02}.Debug|x64.Build.0 = Debug|x64
		{89BF0E90-310D-4D61-A18A-EBD7B680DE02}.Debug|x86.ActiveCfg = Debug|Win32
		{89BF0E90-310D-4D61-A18A-EBD7B680DE02}.Debug|x86.Build.0 = Debug|Win32
		{89BF0E90-310D-4D61-A18A-EBD7B680DE02}.Release|x64.ActiveCfg = Release|x64
		{89BF0E90-310D-4D61-A18A-EBD7B680DE02}.Release|x64.Build.0 = Release|x64
		{89BF0E90-310D-4D61-A18A-EBD7B680DE02}.Release|x86.ActiveCfg = Release|Win32
		{89BF0E90-310D-4D61-A18A-EBD7B680DE02}.Release|x86.Build.0 = Release|Win32
		{BA1A669D-3F4C-4E0E-9D39-75CAA1ED804F}.Debug|x64.ActiveCfg = Debug|x64
		{BA1A669D-3F4C-4E0E-9D39-75CAA1ED804F}.Debug|x64.Build.0 = Debug|x64
		{BA1A669D-3F4C-4E0E-9D39-75CAA1ED804F}.Debug|x86.ActiveCfg = Debug|Win32
		{BA1A669D-3F4C-4E0E-9D39-75CAA1ED804F}.Debug|x86.Build.0 = Debug|Win32
		{BA1A669D-3F4C-4E0E-9D39-75CAA1ED804F}.Release|x64.ActiveCfg = Release|x64
		{BA1A669D-3F4C-4E0E-9D39-75CAA1ED804F}.Release|x64.Build.0 = Release|x64
		{BA1A669D-3F4C-4E0E-9D39-75CAA1ED804F}.Release|x86.ActiveCfg = Release|Win32
		{BA1A669D-3F4C-4E0E-9D39-75CAA1ED804F}.Release|x86.Build.0 = Release|Win32
		{C30814A4-8ED7-4151-B172-FB127E324DE3}.Debug|x64.ActiveCfg = Debug|x64
		{C30814A4-8ED7-4151-B172-FB127E324DE3}.Debug|x64.Build.0 = Debug|x64
		{C30814A4-8ED7-4151-B172-FB127E324DE3}.Debug|x86.ActiveCfg = Debug|Win32
		{C30814A4-8ED7-4151-B172-FB127E324DE3}.Debug|x86.Build.0 = Debug|Win32
		{C30814A4-8ED7-4151-B172-FB127E324DE3}.Release|x64.ActiveCfg = Release|x64
		{C30814A4-8ED7-4151-B172-FB127E324DE3}.Release|x64.Build.0 = Release|x64
		{C30814A4-8ED7-4151-B172-FB127E324DE3}.Release|x86.ActiveCfg = Release|Win32
		{C30814A4-8ED7-4151-B172-FB127E324DE3}.Release|x86.Build.0 = Release|Win32
		{1D0B2D93-0150-4423-BF10-DD0EDF72D160}.Debug|x64.ActiveCfg = Debug|x64
		{1D0B2D93-0150-4423-BF10-DD0EDF72D160}.Debug|x64.Build.0 = Debug|x64
		{1D0B2D93-0150-4423-BF10-DD0EDF72D160}.Debug|x86.ActiveCfg = Debug|Win32
		{1D0B2D93-0150-4423-BF10-DD0EDF72D160}.Debug|x86.Build.0 = Debug|Win32
		{1D0B2D93-0150-4423-BF10-DD0EDF72D160}.Release|x64.ActiveCfg = Release|x64
		{1D0B2D93-0150-4423-BF10-DD0EDF72D160}.Release|x64.Build.0 = Release|x64
		{1D0B2D93-0150-4423-BF10-DD0EDF72D160}.Release|x86.ActiveCfg = Release|Win32
		{1D0B2D93-0150-4423-BF10-DD0EDF72D160}.Release|x86.Build.0 = Release|Win32
		{65DC62EA-EBE3-4B13-B593-9535F82343B1}.Debug|x64.ActiveCfg = Debug|x64
		{65DC62EA-EBE3-4B13-B593-9535F82343B1}.Debug|x64.Build.0 = Debug|x64
		{65DC62EA-EBE3-4B13-B593-9535F82343B1}.Debug|x86.ActiveCfg = Debug|Win32
		{65DC62EA-EBE3-4B13-B593-9535F82343B1}.Debug|x86.Build.0 = Debug|Win32
		{65DC62EA-EBE3-4B13-B593-9535F82343B1}.Release|x64.ActiveCfg = Release|x64
		{65DC62EA-EBE3-4B13-B593-9535F82343B1}.Release|x64.Build.0 = Release|x64
		{65DC62EA-EBE3-4B13-B593-9535F82343B1}.Release|x86.ActiveCfg = Release|Win32
		{65DC62EA-EBE3-4B13-B593-9535F82343B1}.Release|x86.Build.0 = Release|Win32
		{0418F5E1-CA63-4CB5-9236-D9FD61505D3E}.Debug|x64.ActiveCfg = Debug|x64
		{0418F5E1-CA63-4CB5-9236-D9FD61505D3E}.Debug|x64.Build.0 = Debug|x64
		{0418F5E1-CA63-4CB5-9236-D9FD61505D3E}.Debug|x86.ActiveCfg = Debug|Win32
		{0418F5E1-CA63-4CB5-9236-D9FD61505D3E}.Debug|x86.Build.0 = Debug|Win32
		{0418F5E1-CA63-4CB5-9236-D9FD61505D3E}.Release|x64.ActiveCfg = Release|x64
		{0418F5E1-CA63-4CB5-9236-D9FD61505D3E}.Release|x64.Build.0 = Release|x64
		{0418F5E1-CA63-4CB5-9236-D9FD61505D3E}.Release|x86.ActiveCfg = Release|Win32
		{0418F5E1-CA63-4CB5-9236-D9FD61505D3E}.Release|x86.Build.0 = Release|Win32
		{0BDB6289-5F89-479A-BBA5-C2C42950EFE8}.Debug|x64.ActiveCfg = Debug|x64
		{0BDB6289-5F89-479A-BBA5-C2C42950EFE8}.Debug|x64.Build.0 = Debug|x64
		{0BDB6289-5F89-479A-BBA5-C2C42950EFE8}.Debug|x86.ActiveCfg = Debug|Win32
		{0BDB6289-5F89-479A-BBA5-C2C42950EFE8}.Debug|x86.Build.0 = Debug|Win32
		{0BDB6289-5F89-479A-BBA5-C2C42950EFE8}.Release|x64.ActiveCfg = Release|x64
		{0BDB6289-5F89-479A-BBA5-C2C42950EFE8}.Release|x64.Build.0 = Release|x64
		{0BDB6289-5F89-479A-BBA5-C2C42950EFE8}.Release|x86.ActiveCfg = Release|Win32
		{0BDB6289-5F89-479A-BBA5-C2C42950EFE8}.Release|x86.Build.0 = Release|Win32
		{20D66B54-EC2E-43A7-8C52-AA803FB1DD19}.Debug|x64.ActiveCfg = Debug|x64
		{20D66B54-EC2E-43A7-8C52-AA803FB1DD19}.Debug|x64.Build.0 = Debug|x64
		{20D66B54-EC2E-43A7-8C52-AA803FB1DD19}.Debug|x86.ActiveCfg = Debug|Win32
		{20D66B54-EC2E-43A7-8C52-AA803FB1DD19}.Debug|x86.Build.0 = Debug|Win32
		{20D66B54-EC2E-43A7-8C52-AA803FB1DD19}.Release|x64.ActiveCfg = Release|x64
		{20D66B54-EC2E-43A7-8C52-AA803FB1DD19}.Release|x64.Build.0 = Release|x64
		{20D66B54-EC2E-43A7-8C52-AA803FB1DD19}.Release|x86.ActiveCfg = Release|Win32
		{20D66B54-EC2E-43A7-8C52-AA803FB1DD19}.Release|x86.Build.0 = Release|Win32
		{130DEFB0-2E2B-4C3D-B449-A90C1A8D82D4}.Debug|x64.ActiveCfg = Debug|x64
		{130DEFB0-2E2B-4C3D-B449-A90C1A8D82D4}.Debug|x64.Build.0 = Debug|x64
		{130DEFB0-2E2B-4C3D-B449-A90C1A8D82D4}.Debug|x86.ActiveCfg = Debug|Win32
		{130DEFB0-2E2B-4C3D-B449-A90C1A8D82D4}.Debug|x86.Build.0 = Debug|Win32
		{130DEFB0-2E2B-4C3D-B449-A90C1A8D82D4}.Release|x64.ActiveCfg = Release|x64
		{130DEFB0-2E2B-4C3D-B449-A90C1A8D82D4}.Release|x64.Build.0 = Release|x64
		{130DEFB0-2E2B-4C3D-B449-A90C1A8D82D4}.Release|x86.ActiveCfg = Release|Win32
		{130DEFB0-2E2B-4C3D-B449-A90C1A8D82D4}.Release|x86.Build.0 = Release|Win32
		{0690F676-E042-4034-8878-660387DB76ED}.Debug|x64.ActiveCfg = Debug|x64
		{0690F676-E042-4034-8878-660387DB76ED}.Debug|x64.Build.0 = Debug|x64
		{0690F676-E042-4034-8878-660387DB76ED}.Debug|x86.ActiveCfg = Debug|Win32
		{0690F676-E042-4034-8878-660387DB76ED}.Debug|x86.Build.0 = Debug|Win32
		{0690F676-E042-4034-8878-660387DB76ED}.Release|x64.ActiveCfg = Release|x64
		{0690F676-E042-4034-8878-660387DB76ED}.Release|x64.Build.0 = Release|x64
		{0690F676-E042-4034-8878-660387DB76ED}.Release|x86.ActiveCfg = Release|Win32
		{0690F676-E042-4034-8878-660387DB76ED}.Release|x86.Build.0 = Release|Win32
		{185B3676-DDAB-42FF-87AB-DE74371F76EC}.Debug|x64.ActiveCfg = Debug|x64
		{185B3676-DDAB-42FF-87AB-DE74371F76EC}.Debug|x64.Build.0 = Debug|x64
		{185B3676-DDAB-42FF-87AB-DE74371F76EC}.Debug|x86.ActiveCfg = Debug|Win32
		{185B3676-DDAB-42FF-87AB-DE74371F76EC}.Debug|x86.Build.0 = Debug|Win32
		{185B3676-DDAB-42FF-87AB-DE74371F76EC}.Release|x64.ActiveCfg = Release|x64
		{185B3676-DDAB-42FF-87AB-DE74371F76EC}.Release|x64.Build.0 = Release|x64
		{185B3676-DDAB-42FF-87AB-DE74371F76EC}.Release|x86.ActiveCfg = Release|Win32
		{185B3676-DDAB-42FF-87AB-DE74371F76EC}.Release|x86.Build.0 = Release|Win32
		{E1FCB4E5-6289-4C11-8305-458302E9518F}.Debug|x64.ActiveCfg = Debug|x64
		{E1FCB4E5-6289-4C11-8305-458302E9518F}.Debug|x64.Build.0 = Debug|x64
		{E1FCB4E5-6289-4C11-8305-458302E9518F}.Debug|x86.ActiveCfg = Debug|Win32
		{E1FCB4E5-6289-4C11-8305-458302E9518F}.Debug|x86.Build.0 = Debug|Win32
		{E1FCB4E5-6289-4C11-8305-458302E9518F}.Release|x64.ActiveCfg = Release|x64
		{E1FCB4E5-6289-4C11-8305-458302E9518F}.Release|x64.Build.0 = Release|x64
		{E1FCB4E5-6289-4C11-8305-458302E9518F}.Release|x86.ActiveCfg = Release|Win32
		{E1FCB4E5-6289-4C11-8305-458302E9518F}.Release|x86.Build.0 = Release|Win32
		{4B99124E-E89A-4EA9-B075-64B2EFA56D18}.Debug|x64.ActiveCfg = Debug|x64
		{4B99124E-E89A-4EA9-B075-64B2EFA56D18}.Debug|x64.Build.0 = Debug|x64
		{4B99124E-E89A-4EA9-B075-64B2EFA56D18}.Debug|x86.ActiveCfg = Debug|Win32
		{4B99124E-E89A-4EA9-B075-64B2EFA56D18}.Debug|x86.Build.0 = Debug|Win32
		{4B99124E-E89A-4EA9-B075-64B2EFA56D18}.Release|x64.ActiveCfg = Release|x64
		{4B99124E-E89A-4EA9-B075-64B2EFA56D18}.Release|x64.Build.0 = Release|x64
		{4B99124E-E89A-4EA9-B075-64B2EFA56D18}.Release|x86.ActiveCfg = Release|Win32
		{4B99124E-E89A-4EA9-B075-64B2EFA56D18}.Release|x86.Build.0 = Release|Win32
		{0ECCCE1D-9115-48A2-A6CB-A6A86EE7D891}.Debug|x64.ActiveCfg = Debug|x64
		{0ECCCE1D-9115-48A2-A6CB-A6A86EE7D891}.Debug|x64.Build.0 = Debug|x64
		{0ECCCE1D-9115-48A2-A6CB-A6A86EE7D891}.Debug|x86.ActiveCfg = Debug|Win32
		{0ECCCE1D-9115-48A2-A6CB-A6A86EE7D891}.Debug|x86.Build.0 = Debug|Win32
		{0ECCCE1D-9115-48A2-A6CB-A6A86EE7D891}.Release|x64.ActiveCfg = Release|x64
		{0ECCCE1D-9115-48A2-A6CB-A6A86EE7D891}.Release|x64.Build.0 = Release|x64
		{0ECCCE1D-9115-48A2-A6CB-A6A86EE7D891}.Release|x86.ActiveCfg = Release|Win32
		{0ECCCE1D-9115-48A2-A6CB-A6A86EE7D891}.Release|x86.Build.0 = Release|Win32
		{640FD6F4-B3C0-450B-AAA5-A3DF4CB9BAD0}.Debug|x64.ActiveCfg = Debug|x64
		{640FD6F4-B3C0-450B-AAA5-A3DF4CB9BAD0}.Debug|x64.Build.0 = Debug|x64
		{640FD6F4-B3C0-450B-AAA5-A3DF4CB9BAD0}.Debug|x86.ActiveCfg = Debug|Win32
		{640FD6F4-B3C0-450B-AAA5-A3DF4CB9BAD0}.Debug|x86.Build.0 = Debug|Win32
		{640FD6F4-B3C0-450B-AAA5-A3DF4CB9BAD0}.Release|x64.ActiveCfg = Release|x64
		{640FD6F4-B3C0-450B-AAA5-A3DF4CB9BAD0}.Release|x64.Build.0 = Release|x64
		{640FD6F4-B3C0-450B-AAA5-A3DF4CB9BAD0}.Release|x86.ActiveCfg = Release|Win32
		{640FD6F4-B3C0-450B-AAA5-A3DF4CB9BAD0}.Release|x86.Build.0 = Release|Win32
		{0C3A60A9-D971-4EB1-B6CE-7B380D522671}.Debug|x64.ActiveCfg = Debug|x64
		{0C3A60A9-D971-4EB1-B6CE-7B380D522671}.Debug|x64.Build.0 = Debug|x64
		{0C3A60A9-D971-4EB1-B6CE-7B380D522671}.Debug|x86.ActiveCfg = Debug|Win32
		{0C3A60A9-D971-4EB1-B6CE-7B380D522671}.Debug|x86.Build.0 = Debug|Win32
		{0C3A60A9-D971-4EB1-B6CE-7B380D522671}.Release|x64.ActiveCfg = Release|x64
		{0C3A60A9-D971-4EB1-B6CE-7B380D522671}.Release|x64.Build.0 = Release|x64
		{0C3A60A9-D971-4EB1-B6CE-7B380D522671}.Release|x86.ActiveCfg = Release|Win32
		{0C3A60A9-D971-4EB1-B6CE-7B380D522671}.Release|x86.Build.0 = Release|Win32
		{D7BB568A-F52E-46E6-BBF3-1BCDB8701A9A}.Debug|x64.ActiveCfg = Debug|x64
		{D7BB568A-F52E-46E6-BBF3-1BCDB8701A9A}.Debug|x64.Build.0 = Debug|x64
		{D7BB568A-F52E-46E6-BBF3-1BCDB8701A9A}.Debug|x86.ActiveCfg = Debug|Win32
		{D7BB568A-F52E-46E6-BBF3-1BCDB8701A9A}.Debug|x86.Build.0 = Debug|Win32
		{D7BB568A-F52E-46E6-BBF3-1BCDB8701A9A}.Release|x64.ActiveCfg = Release|x64
		{D7BB568A-F52E-46E6-BBF3-1BCDB8701A9A}.Release|x64.Build.0 = Release|x64
		{D7BB568A-F52E-46E6-BBF3-1BCDB8701A9A}.Release|x86.ActiveCfg = Release|Win32
		{D7BB568A-F52E-46E6-BBF3-1BCDB8701A9A}.Release|x86.Build.0 = Release|Win32
		{C8438FB6-347A-4716-BF35-B9B47E8D08FA}.Debug|x64.ActiveCfg = Debug|x64
		{C8438FB6-347A-4716-BF35-B9B47E8D08FA}.Debug|x64.Build.0 = Debug|x64
		{C8438FB6-347A-4716-BF35-B9B47E8D08FA}.Debug|x86.ActiveCfg = Debug|Win32
		{C8438FB6-347A-4716-BF35-B9B47E8D08FA}.Debug|x86.Build.0 = Debug|Win32
		{C8438FB6-347A-4716-BF35-B9B47E8D08FA}.Release|x64.ActiveCfg = Release|x64
		{C8438FB6-347A-4716-BF35-B9B47E8D08FA}.Release|x64.Build.0 = Release|x64
		{C8438FB6-347A-4716-BF35-B9B47E8D08FA}.Release|x86.ActiveCfg = Release|Win32
		{C8438FB6-347A-4716-BF35-B9B47E8D08FA}.Release|x86.Build.0 = Release|Win32
		{590C1A72-5F1C-44F0-8CE0-9E3C34F68413}.Debug|x64.ActiveCfg = Debug|x64
		{590C1A72-5F1C-44F0-8CE0-9E3C34F68413}.Debug|x64.Build.0 = Debug|x64
		{590C1A72-5F1C-44F0-8CE0-9E3C34F68413}.Debug|x86.ActiveCfg = Debug|Win32
		{590C1A72-5F1C-44F0-8CE0-9E3C34F68413}.Debug|x86.Build.0 = Debug|Win32
		{590C1A72-5F1C-44F0-8CE0-9E3C34F68413}.Release|x64.ActiveCfg = Release|x64
		{590C1A72-5F1C-44F0-8CE0-9E3C34F68413}.Release|x64.Build.0 = Release|x64
		{590C1A72-5F1C-44F0-8CE0-9E3C34F68413}.Release|x86.ActiveCfg = Release|Win32
		{590C1A72-5F1C-44F0-8CE0-9E3C34F68413}.Release|x86.Build.0 = Release|Win32
		{1ECB58FC-5C5B-4996-B590-5A7CE0EA0519}.Debug|x64.ActiveCfg = Debug|x64
		{1ECB58FC-5C5B-4996-B590-5A7CE0EA0519}.Debug|x64.Build.0 = Debug|x64
		{1ECB58FC-5C5B-4996-B590-5A7CE0EA0519}.Debug|x86.ActiveCfg = Debug|Win32
		{1ECB58FC-5C5B-4996-B590-5A7CE0EA0519}.Debug|x86.Build.0 = Debug|Win32
		{1ECB58FC-5C5B-4996-B590-5A7CE0EA0519}.Release|x64.ActiveCfg = Release|x64
		{1ECB58FC-5C5B-4996-B590-5A7CE0EA0519}.Release|x64.Build.0 = Release|x64
		{1ECB58FC-5C5B-4996-B590-5A7CE0EA0519}.Release|x86.ActiveCfg = Release|Win32
		{1ECB58FC-5C5B-4996-B590-5A7CE0EA0519}.Release|x86.Build.0 = Release|Win32
		{2FC22C77-07DB-4E9A-A06E-9481BFE369F9}.Debug|x64.ActiveCfg = Debug|x64
		{2FC22C77-07DB-4E9A-A06E-9481BFE369F9}.Debug|x64.Build.0 = Debug|x64
		{2FC22C77-07DB-4E9A-A06E-9481BFE369F9}.Debug|x86.ActiveCfg = Debug|Win32
		{2FC22C77-07DB-4E9A-A06E-9481BFE369F9}.Debug|x86.Build.0 = Debug|Win32
		{2FC22C77-07DB-4E9A-A06E-9481BFE369F9}.Release|x64.ActiveCfg = Release|x64
		{2FC22C77-07DB-4E9A-A06E-9481BFE369F9}.Release|x64.Build.0 = Release|x64
		{2FC22C77-07DB-4E9A-A06E-9481BFE369F9}.Release|x86.ActiveCfg = Release|Win32
		{2FC22C77-07DB-4E9A-A06E-9481BFE369F9}.Release|x86.Build.0 = Release|Win32
		{CC47018A-0489-494C-A9BF-172402134DDA}.Debug|x64.ActiveCfg = Debug|x64
		{CC47018A-0489-494C-A9BF-172402134DDA}.Debug|x64.Build.0 = Debug|x64
		{CC47018A-0489-494C-A9BF-172402134DDA}.Debug|x86.ActiveCfg = Debug|Win32
		{CC47018A-0489-494C-A9BF-172402134DDA}.Debug|x86.Build.0 = Debug|Win32
		{CC47018A-0489-494C-A9BF-172402134DDA}.Release|x64.ActiveCfg = Release|x64
		{CC47018A-0489-494C-A9BF-172402134DDA}.Release|x64.Build.0 = Release|x64
		{CC47018A-0489-494C-A9BF-172402134DDA}.Release|x86.ActiveCfg = Release|Win32
		{CC47018A-0489-494C-A9BF-172402134DDA}.Release|x86.Build.0 = Release|Win32
		{4759CA6B-DD39-41D1-A6D5-B68AF9E59480}.Debug|x64.ActiveCfg = Debug|x64
		{4759CA6B-DD39-41D1-A6D5-B68AF9E59480}.Debug|x64.Build.0 = Debug|x64
		{4759CA6B-DD39-41D1-A6D5-B68AF9E59480}.Debug|x86.ActiveCfg = Debug|Win32
		{4759CA6B-DD39-41D1-A6D5-B68AF9E59480}.Debug|x86.Build.0 = Debug|Win32
		{4759CA6B-DD39-41D1-A6D5-B68AF9E59480}.Release|x64.ActiveCfg = Release|x64
		{4759CA6B-DD39-41D1-A6D5-B68AF9E59480}.Release|x64.Build.0 = Release|x64
		{4759CA6B-DD39-41D1-A6D5-B68AF9E59480}.Release|x86.ActiveCfg = Release|Win32
		{4759CA6B-DD39-41D1-A6D5-B68AF9E59480}.Release|x86.Build.0 = Release|Win32
		{0377224C-720D-4D3E-8DB2-C4936CDFA6D2}.Debug|x64.ActiveCfg = Debug|x64
		{0377224C-720D-4D3E-8DB2-C4936CDFA6D2}.Debug|x64.Build.0 = Debug|x64
		{0377224C-720D-4D3E-8DB2-C4936CDFA6D2}.Debug|x86.ActiveCfg = Debug|Win32
		{0377224C-720D-4D3E-8DB2-C4936CDFA6D2}.Debug|x86.Build.0 = Debug|Win32
		{0377224C-720D-4D3E-8DB2-C4936CDFA6D2}.Release|x64.ActiveCfg = Release|x64
		{0377224C-720D-4D3E-8DB2-C4936CDFA6D2}.Release|x64.Build.0 = Release|x64
		{0377224C-720D-4D3E-8DB2-C4936CDFA6D2}.Release|x86.ActiveCfg = Release|Win32
		{0377224C-720D-4D3E-8DB2-C4936CDFA6D2}.Release|x86.Build.0 = Release|Win32
		{74203CF7-AA3E-4490-AFBD-B94BC747263D}.Debug|x64.ActiveCfg = Debug|x64
		{74203CF7-AA3E-4490-AFBD-B94BC747263D}.Debug|x64.Build.0 = Debug|x64
		{74203CF7-AA3E-4490-AFBD-B94BC747263D}.Debug|x86.ActiveCfg = Debug|Win32
		{74203CF7-AA3E-4490-AFBD-B94BC747263D}.Debug|x86.Build.0 = Debug|Win32
		{74203CF7-AA3E-4490-AFBD-B94BC747263D}.Release|x64.ActiveCfg = Release|x64
		{74203CF7-AA3E-4490-AFBD-B94BC747263D}.Release|x64.Build.0 = Release|x64
		{74203CF7-AA3E-4490-AFBD-B94BC747263D}.Release|x86.ActiveCfg = Release|Win32
		{74203CF7-AA3E-4490-AFBD-B94BC747263D}.Release|x86.Build.0 = Release|Win32
		{104C5799-ED53-413A-87EC-9ED1B6E5AAC1}.Debug|x64.ActiveCfg = Debug|x64
		{104C5799-ED53-413A-87EC-9ED1B6E5AAC1}.Debug|x64.Build.0 = Debug|x64
		{104C5799-ED53-413A-87EC-9ED1B6E5AAC1}.Debug|x86.ActiveCfg = Debug|Win32
		{104C5799-ED53-413A-87EC-9ED1B6E5AAC1}.Debug|x86.Build.0 = Debug|Win32
		{104C5799-ED53-413A-87EC-9ED1B6E5AAC1}.Release|x64.ActiveCfg = Release|x64
		{104C5799-ED53-413A-87EC-9ED1B6E5AAC1}.Release|x64.Build.0 = Release|x64
		{104C5799-ED53-413A-87EC-9ED1B6E5AAC1}.Release|x86.ActiveCfg = Release|Win32
		{104C5799-ED53-413A-87EC-9ED1B6E5AAC1}.Release|x86.Build.0 = Release|Win32
		{818DDA7A-ED66-4148-8107-FE541F0BDE54}.Debug|x64.ActiveCfg = Debug|x64
		{818DDA7A-ED66-4148-8107-FE541F0BDE54}.Debug|x64.Build.0 = Debug|x64
		{818DDA7A-ED66-4148-8107-FE541F0BDE54}.Debug|x86.ActiveCfg = Debug|Win32
		{818DDA7A-ED66-4148-8107-FE541F0BDE54}.Debug|x86.Build.0 = Debug|Win32
		{818DDA7A-ED66-4148-8107-FE541F0BDE54}.Release|x64.ActiveCfg = Release|x64
		{818DDA7A-ED66-4148-8107-FE541F0BDE54}.Release|x64.Build.0 = Release|x64
		{818DDA7A-ED66-4148-8107-FE541F0BDE54}.Release|x86.ActiveCfg = Release|Win32
		{818DDA7A-ED66-4148-8107-FE541F0BDE54}.Release|x86.Build.0 = Release|Win32
		{DF66F4FD-D8F9-4CB5-9142-8836D852944C}.Debug|x64.ActiveCfg = Debug|x64
		{DF66F4FD-D8F9-4CB5-9142-8836D852944C}.Debug|x64.Build.0 = Debug|x64
		{DF66F4FD-D8F9-4CB5-9142-8836D852944C}.Debug|x86.ActiveCfg = Debug|Win32
		{DF66F4FD-D8F9-4CB5-9142-8836D852944C}.Debug|x86.Build.0 = Debug|Win32
		{DF66F4FD-D8F9-4CB5-9142-8836D852944C}.Release|x64.ActiveCfg = Release|x64
		{DF66F4FD-D8F9-4CB5-9142-8836D852944C}.Release|x64.Build.0 = Release|x64
		{DF66F4FD-D8F9-4CB5-9142-8836D852944C}.Release|x86.ActiveCfg = Release|Win32
		{DF66F4FD-D8F9-4CB5-9142-8836D852944C}.Release|x86.Build.0 = Release|Win32
		{DA96B9C4-6B99-407A-9622-425674C4726A}.Debug|x64.ActiveCfg = Debug|x64
		{DA96B9C4-6B99-407A-9622-425674C4726A}.Debug|x64.Build.0 = Debug|x64
		{DA96B9C4-6B99-407A-9622-425674C4726A}.Debug|x86.ActiveCfg = Debug|Win32
		{DA96B9C4-6B99-407A-9622-425674C4726A}.Debug|x86.Build.0 = Debug|Win32
		{DA96B9C4-6B99-407A-9622-425674C4726A}.Release|x64.ActiveCfg = Release|x64
		{DA96B9C4-6B99-407A-9622-425674C4726A}.Release|x64.Build.0 = Release|x64
		{DA96B9C4-6B99-407A-9622-425674C4726A}.Release|x86.ActiveCfg = Release|Win32
		{DA96B9C4-6B99-407A-9622-425674C4726A}.Release|x86.Build.0 = Release|Win32
		{030702A3-F1EC-4CE4-80CA-3223628DE69D}.Debug|x64.ActiveCfg = Debug|x64
		{030702A3-F1EC-4CE4-80CA-3223628DE69D}.Debug|x64.Build.0 = Debug|x64
		{030702A3-F1EC-4CE4-80CA-3223628DE69D}.Debug|x86.ActiveCfg = Debug|Win32
		{030702A3-F1EC-4CE4-80CA-3223628DE69D}.Debug|x86.Build.0 = Debug|Win32
		{030702A3-F1EC-4CE4-80CA-3223628DE69D}.Release|x64.ActiveCfg = Release|x64
		{030702A3-F1EC-4CE4-80CA-3223628DE69D}.Release|x64.Build.0 = Release|x64
		{030702A3-F1EC-4CE4-80CA-3223628DE69D}.Release|x86.ActiveCfg = Release|Win32
		{030702A3-F1EC-4CE4-80CA-3223628DE69D}.Release|x86.Build.0 = Release|Win32
		{08657FEB-4C43-4D37-9AB8-6746256F6D90}.Debug|x64.ActiveCfg = Debug|x64
		{08657FEB-4C43-4D37-9AB8-6746256F6D90}.Debug|x64.Build.0 = Debug|x64
		{08657FEB-4C43-4D37-9AB8-6746256F6D90}.Debug|x86.ActiveCfg = Debug|Win32
		{08657FEB-4C43-4D37-9AB8-6746256F6D90}.Debug|x86.Build.0 = Debug|Win32
		{08657FEB-4C43-4D37-9AB8-6746256F6D90}.Release|x64.ActiveCfg = Release|x64
		{08657FEB-4C43-4D37-9AB8-6746256F6D90}.Release|x64.Build.0 = Release|x64
		{08657FEB-4C43-4D37-9AB8-6746256F6D90}.Release|x86.ActiveCfg = Release|Win32
		{08657FEB-4C43-4D37-9AB8-6746256F6D90}.Release|x86.Build.0 = Release|Win32
		{7D31FDE7-9B36-419A-B981-28AC08B0CD99}.Debug|x64.ActiveCfg = Debug|x64
		{7D31FDE7-9B36-419A-B981-28AC08B0CD99}.Debug|x64.Build.0 = Debug|x64
		{7D31FDE7-9B36-419A-B981-28AC08B0CD99}.Debug|x86.ActiveCfg = Debug|Win32
		{7D31FDE7-9B36-419A-B981-28AC08B0CD99}.Debug|x86.Build.0 = Debug|Win32
		{7D31FDE7-9B36-419A-B981-28AC08B0CD99}.Release|x64.ActiveCfg = Release|x64
		{7D31FDE7-9B36-419A-B981-28AC08B0CD99}.Release|x64.Build.0 = Release|x64
		{7D31FDE7-9B36-419A-B981-28AC08B0CD99}.Release|x86.ActiveCfg = Release|Win32
		{7D31FDE7-9B36-419A-B981-28AC08B0CD99}.Release|x86.Build.0 = Release|Win32
		{691FDC8F-E1C9-4E7F-81D4-127AD2E7CE2E}.Debug|x64.ActiveCfg = Debug|x64
		{691FDC8F-E1C9-4E7F-81D4-127AD2E7CE2E}.Debug|x64.Build.0 = Debug|x64
		{691FDC8F-E1C9-4E7F-81D4-127AD2E7CE2E}.Debug|x86.ActiveCfg = Debug|Win32
		{691FDC8F-E1C9-4E7F-81D4-127AD2E7CE2E}.Debug|x86.Build.0 = Debug|Win32
		{691FDC8F-E1C9-4E7F-81D4-127AD2E7CE2E}.Release|x64.ActiveCfg = Release|x64
		{691FDC8F-E1C9-4E7F-81D4-127AD2E7CE2E}.Release|x64.Build.0 = Release|x64
		{691FDC8F-E1C9-4E7F-81D4-127AD2E7CE2E}.Release|x86.ActiveCfg = Release|Win32
		{691FDC8F-E1C9-4E7F-81D4-127AD2E7CE2E}.Release|x86.Build.0 = Release|Win32
		{B286B51E-16D5-4B68-9BA5-3EA1BFA00613}.Debug|x64.ActiveCfg = Debug|x64
		{B286B51E-16D5-4B68-9BA5-3EA1BFA00613}.Debug|x64.Build.0 = Debug|x64
		{B286B51E-16D5-4B68-9BA5-3EA1BFA00613}.Debug|x86.ActiveCfg = Debug|Win32
		{B286B51E-16D5-4B68-9BA5-3EA1BFA00613}.Debug|x86.Build.0 = Debug|Win32
		{B286B51E-16D5-4B68-9BA5-3EA1BFA00613}.Release|x64.ActiveCfg = Release|x64
		{B286B51E-16D5-4B68-9BA5-3EA1BFA00613}.Release|x64.Build.0 = Release|x64
		{B286B51E-16D5-4B68-9BA5-3EA1BFA00613}.Release|x86.ActiveCfg = Release|Win32
		{B286B51E-16D5-4B68-9BA5-3EA1BFA00613}.Release|x86.Build.0 = Release|Win32
		{E080D103-DA98-461F-BACA-CA23198F1AAB}.Debug|x64.ActiveCfg = Debug|x64
		{E080D103-DA98-461F-BACA-CA23198F1AAB}.Debug|x64.Build.0 = Debug|x64
		{E080D103-DA98-461F-BACA-CA23198F1AAB}.Debug|x86.ActiveCfg = Debug|Win32
		{E080D103-DA98-461F-BACA-CA23198F1AAB}.Debug|x86.Build.0 = Debug|Win32
		{E080D103-DA98-461F-BACA-CA23198F1AAB}.Release|x64.ActiveCfg = Release|x64
		{E080D103-DA98-461F-BACA-CA23198F1AAB}.Release|x64.Build.0 = Release|x64
		{E080D103-DA98-461F-BACA-CA23198F1AAB}.Release|x86.ActiveCfg = Release|Win32
		{E080D103-DA98-461F-BACA-CA23198F1AAB}.Release|x86.Build.0 = Release|Win32
		{5C624282-DC40-4BDD-9D0F-076B3D9B6C28}.Debug|x64.ActiveCfg = Debug|x64
		{5C624282-DC40-4BDD-9D0F-076B3D9B6C28}.Debug|x64.Build.0 = Debug|x64
		{5C624282-DC40-4BDD-9D0F-076B3D9B6C28}.Debug|x86.ActiveCfg = Debug|Win32
		{5C624282-DC40-4BDD-9D0F-076B3D9B6C28}.Debug|x86.Build.0 = Debug|Win32
		{5C624282-DC40-4BDD-9D0F-076B3D9B6C28}.Release|x64.ActiveCfg = Release|x64
		{5C624282-DC40-4BDD-9D0F-076B3D9B6C28}.Release|x64.Build.0 = Release|x64
		{5C624282-DC40-4BDD-9D0F-076B3D9B6C28}.Release|x86.ActiveCfg = Release|Win32
		{5C624282-DC40-4BDD-9D0F-076B3D9B6C28}.Release|x86.Build.0 = Release|Win32
		{FEA1C63D-D910-45D7-8427-FDB6162AE550}.Debug|x64.ActiveCfg = Debug|x64
		{FEA1C63D-D910-45D7-8427-FDB6162AE550}.Debug|x64.Build.0 = Debug|x64
		{FEA1C63D-D910-45D7-8427-FDB6162AE550}.Debug|x86.ActiveCfg = Debug|Win32
		{FEA1C63D-D910-45D7-8427-FDB6162AE550}.Debug|x86.Build.0 = Debug|Win32
		{FEA1C63D-D910-45D7-8427-FDB6162AE550}.Release|x64.ActiveCfg = Release|x64
		{FEA1C63D-D910-45D7-8427-FDB6162AE550}.Release|x64.Build.0 = Release|x64
		{FEA1C63D-D910-45D7-8427-FDB6162AE550}.Release|x86.ActiveCfg = Release|Win32
		{FEA1C63D-D910-45D7-8427-FDB6162AE550}.Release|x86.Build.0 = Release|Win32
		{0CE0878C-76C4-4BCA-A1A2-E14A7070BE84}.Debug|x64.ActiveCfg = Debug|x64
		{0CE0878C-76C4-4BCA-A1A2-E14A7070BE84}.Debug|x64.Build.0 = Debug|x64
		{0CE0878C-76C4-4BCA-A1A2-E14A7070BE84}.Debug|x86.ActiveCfg = Debug|Win32
		{0CE0878C-76C4-4BCA-A1A2-E14A7070BE84}.Debug|x86.Build.0 = Debug|Win32
		{0CE0878C-76C4-4BCA-A1A2-E14A7070BE84}.Release|x64.ActiveCfg = Release|x64
		{0CE0878C-76C4-4BCA-A1A2-E14A7070BE84}.Release|x64.Build.0 = Release|x64
		{0CE0878C-76C4-4BCA-A1A2-E14A7070BE84}.Release|x86.ActiveCfg = Release|Win32
		{0CE0878C-76C4-4BCA-A1A2-E14A7070BE84}.Release|x86.Build.0 = Release|Win32
		{9174A884-2ED4-4752-853F-E40773CD4EEC}.Debug|x64.ActiveCfg = Debug|x64
		{9174A884-2ED4-4752-853F-E40773CD4EEC}.Debug|x64.Build.0 = Debug|x64
		{9174A884-2ED4-4752-853F-E40773CD4EEC}.Debug|x86.ActiveCfg = Debug|Win32
		{9174A884-2ED4-4752-853F-E40773CD4EEC}.Debug|x86.Build.0 = Debug|Win32
		{9174A884-2ED4-4752-853F-E40773CD4EEC}.Release|x64.ActiveCfg = Release|x64
		{9174A884-2ED4-4752-853F-E40773CD4EEC}.Release|x64.Build.0 = Release|x64
		{9174A884-2ED4-4752-853F-E40773CD4EEC}.Release|x86.ActiveCfg = Release|Win32
		{9174A884-2ED4-4752-853F-E40773CD4EEC}.Release|x86.Build.0 = Release|Win32
		{FD40A68E-C034-4597-AE58-275D47EA2E64}.Debug|x64.ActiveCfg = Debug|x64
		{FD40A68E-C034-4597-AE58-275D47EA2E64}.Debug|x64.Build.0 = Debug|x64
		{FD40A68E-C034-4597-AE58-275D47EA2E64}.Debug|x86.ActiveCfg = Debug|Win32
		{FD40A68E-C034-4597-AE58-275D47EA2E64}.Debug|x86.Build.0 = Debug|Win32
		{FD40A68E-C034-4597-AE58-275D47EA2E64}.Release|x64.ActiveCfg = Release|x64
		{FD40A68E-C034-4597-AE58-275D47EA2E64}.Release|x64.Build.0 = Release|x64
		{FD40A68E-C034-4597-AE58-275D47EA2E64}.Release|x86.ActiveCfg = Release|Win32
		{FD40A68E-C034-4597-AE58-275D47EA2E64}.Release|x86.Build.0 = Release|Win32
		{0D6095DD-C477-4116-8A6B-260484883434}.Debug|x64.ActiveCfg = Debug|x64
		{0D6095DD-C477-4116-8A6B-260484883434}.Debug|x64.Build.0 = Debug|x64
		{0D6095DD-C477-4116-8A6B-260484883434}.Debug|x86.ActiveCfg = Debug|Win32
		{0D6095DD-C477-4116-8A6B-260484883434}.Debug|x86.Build.0 = Debug|Win32
		{0D6095DD-C477-4116-8A6B-260484883434}.Release|x64.ActiveCfg = Release|x64
		{0D6095DD-C477-4116-8A6B-260484883434}.Release|x64.Build.0 = Release|x64
		{0D6095DD-C477-4116-8A6B-260484883434}.Release|x86.ActiveCfg = Release|Win32
		{0D6095DD-C477-4116-8A6B-260484883434}.Release|x86.Build.0 = Release|Win32
		{00057122-B904-47B6-9B2B-4BBCECF9CF1F}.Debug|x64.ActiveCfg = Debug|x64
		{00057122-B904-47B6-9B2B-4BBCECF9CF1F}.Debug|x64.Build.0 = Debug|x64
		{00057122-B904-47B6-9B2B-4BBCECF9CF1F}.Debug|x86.ActiveCfg = Debug|Win32
		{00057122-B904-47B6-9B2B-4BBCECF9CF1F}.Debug|x86.Build.0 = Debug|Win32
		{00057122-B904-47B6-9B2B-4BBCECF9CF1F}.Release|x64.ActiveCfg = Release|x64
		{00057122-B904-47B6-9B2B-4BBCECF9CF1F}.Release|x64.Build.0 = Release|x64
		{00057122-B904-47B6-9B2B-4BBCECF9CF1F}.Release|x86.ActiveCfg = Release|Win32
		{00057122-B904-47B6-9B2B-4BBCECF9CF1F}.Release|x86.Build.0 = Release|Win32
		{7FB7746B-2AA9-4CC2-9E83-460DD76055E9}.Debug|x64.ActiveCfg = Debug|x64
		{7FB7746B-2AA9-4CC2-9E83-460DD76055E9}.Debug|x64.Build.0 = Debug|x64
		{7FB7746B-2AA9-4CC2-9E83-460DD76055E9}.Debug|x86.ActiveCfg = Debug|Win32
		{7FB7746B-2AA9-4CC2-9E83-460DD76055E9}.Debug|x86.Build.0 = Debug|Win32
		{7FB7746B-2AA9-4CC2-9E83-460DD76055E9}.Release|x64.ActiveCfg = Release|x64
		{7FB7746B-2AA9-4CC2-9E83-460DD76055E9}.Release|x64.Build.0 = Release|x64
		{7FB7746B-2AA9-4CC2-9E83-460DD76055E9}.Release|x86.ActiveCfg = Release|Win32
		{7FB7746B-2AA9-4CC2-9E83-460DD76055E9}.Release|x86.Build.0 = Release|Win32
	EndGlobalSection
	GlobalSection(SolutionProperties) = preSolution
		HideSolutionNode = FALSE
	EndGlobalSection
	GlobalSection(NestedProjects) = preSolution
		{F585263B-A4E6-4C0F-8224-5CCCE5EB0BBF} = {FDB64D7D-D78E-4E9B-8138-AD77F9B19EE2}
		{545965C8-AD0E-4E3C-BEC8-1D1F1298E009} = {35B9BB6B-EBDF-4497-8CF2-5E812316B32D}
		{1B7B6FB2-6E86-4F14-9734-BBAC6B6433B6} = {35B9BB6B-EBDF-4497-8CF2-5E812316B32D}
		{83EAB749-9C07-4D83-96CC-AFDF17C4AEE2} = {35B9BB6B-EBDF-4497-8CF2-5E812316B32D}
		{F278DBBA-DF5C-4506-8B0C-C6986FB92787} = {35B9BB6B-EBDF-4497-8CF2-5E812316B32D}
		{7F692BA6-EF84-4DE8-89DF-7F2D2968A6A7} = {35B9BB6B-EBDF-4497-8CF2-5E812316B32D}
		{E6ABFF49-E155-4614-9ECA-ED6966CCF075} = {35B9BB6B-EBDF-4497-8CF2-5E812316B32D}
		{306DDBCD-4FDB-487A-8B34-3262FC3C7E81} = {35B9BB6B-EBDF-4497-8CF2-5E812316B32D}
		{3D40C32B-36A7-4A05-9551-EA1A41CE1952} = {35B9BB6B-EBDF-4497-8CF2-5E812316B32D}
		{8E35DCA7-3279-4B3A-A8F6-36D707AD2A46} = {35B9BB6B-EBDF-4497-8CF2-5E812316B32D}
		{4BDAAF20-434D-4457-87D9-7E9F2F5FE044} = {35B9BB6B-EBDF-4497-8CF2-5E812316B32D}
		{6E9E447D-2E70-4DB3-8913-D4CBE9A2B176} = {35B9BB6B-EBDF-4497-8CF2-5E812316B32D}
		{445B5073-B3A3-48CB-AED3-CC06CDD6229E} = {35B9BB6B-EBDF-4497-8CF2-5E812316B32D}
		{6CB5B6AC-E72C-4DCF-A83E-E15B206712EE} = {D06AF602-6FDC-4C25-80F1-83A21560962A}
		{F6064170-3D31-4DFB-A5E0-D983C86DD19D} = {D06AF602-6FDC-4C25-80F1-83A21560962A}
		{424D8017-2DB7-4B29-86B1-A7B9BBB4987B} = {D06AF602-6FDC-4C25-80F1-83A21560962A}
		{A6DFF61F-4B93-414D-9991-9157E5793C29} = {D06AF602-6FDC-4C25-80F1-83A21560962A}
		{F0B7C9EA-F387-4E0B-9965-D4AC18C08E59} = {D06AF602-6FDC-4C25-80F1-83A21560962A}
		{FB6D5154-5DA1-4CB8-B927-F191A4FBE0EB} = {D06AF602-6FDC-4C25-80F1-83A21560962A}
		{CB494D70-F6CE-4C33-A5DA-C5025E511E12} = {D06AF602-6FDC-4C25-80F1-83A21560962A}
		{742A9442-9D1A-4F6B-AAA3-676DBBEC201A} = {D06AF602-6FDC-4C25-80F1-83A21560962A}
		{4F1E041C-72CD-4B6B-AE0D-0E7BB88ADD8A} = {D06AF602-6FDC-4C25-80F1-83A21560962A}
		{181C3250-60D4-4F43-BE54-A4260B3B4CB4} = {D06AF602-6FDC-4C25-80F1-83A21560962A}
		{296BE333-1AD8-485D-AE1D-DCBF782712EF} = {D06AF602-6FDC-4C25-80F1-83A21560962A}
		{FAB73550-C4C4-47D2-9E1B-515BAFD69A4D} = {D06AF602-6FDC-4C25-80F1-83A21560962A}
		{55B5BBE3-4E7D-4828-A8F9-E432BA8C0304} = {D06AF602-6FDC-4C25-80F1-83A21560962A}
		{89BF0E90-310D-4D61-A18A-EBD7B680DE02} = {D06AF602-6FDC-4C25-80F1-83A21560962A}
		{BA1A669D-3F4C-4E0E-9D39-75CAA1ED804F} = {D06AF602-6FDC-4C25-80F1-83A21560962A}
		{C30814A4-8ED7-4151-B172-FB127E324DE3} = {D06AF602-6FDC-4C25-80F1-83A21560962A}
		{1D0B2D93-0150-4423-BF10-DD0EDF72D160} = {9A189FC6-BA25-49FB-9256-D3C76CD1DC11}
		{65DC62EA-EBE3-4B13-B593-9535F82343B1} = {9A189FC6-BA25-49FB-9256-D3C76CD1DC11}
		{0418F5E1-CA63-4CB5-9236-D9FD61505D3E} = {9A189FC6-BA25-49FB-9256-D3C76CD1DC11}
		{0BDB6289-5F89-479A-BBA5-C2C42950EFE8} = {9A189FC6-BA25-49FB-9256-D3C76CD1DC11}
		{20D66B54-EC2E-43A7-8C52-AA803FB1DD19} = {9A189FC6-BA25-49FB-9256-D3C76CD1DC11}
		{130DEFB0-2E2B-4C3D-B449-A90C1A8D82D4} = {9A189FC6-BA25-49FB-9256-D3C76CD1DC11}
		{0690F676-E042-4034-8878-660387DB76ED} = {9A189FC6-BA25-49FB-9256-D3C76CD1DC11}
		{185B3676-DDAB-42FF-87AB-DE74371F76EC} = {9A189FC6-BA25-49FB-9256-D3C76CD1DC11}
		{E1FCB4E5-6289-4C11-8305-458302E9518F} = {9A189FC6-BA25-49FB-9256-D3C76CD1DC11}
		{4B99124E-E89A-4EA9-B075-64B2EFA56D18} = {9A189FC6-BA25-49FB-9256-D3C76CD1DC11}
		{0ECCCE1D-9115-48A2-A6CB-A6A86EE7D891} = {9A189FC6-BA25-49FB-9256-D3C76CD1DC11}
		{640FD6F4-B3C0-450B-AAA5-A3DF4CB9BAD0} = {FB7CC681-6903-4E82-AA03-57531CEC9529}
		{0C3A60A9-D971-4EB1-B6CE-7B380D522671} = {922810C6-1656-4CFF-8AAD-0F40FC85892F}
		{D7BB568A-F52E-46E6-BBF3-1BCDB8701A9A} = {FB7CC681-6903-4E82-AA03-57531CEC9529}
		{C8438FB6-347A-4716-BF35-B9B47E8D08FA} = {FB7CC681-6903-4E82-AA03-57531CEC9529}
		{590C1A72-5F1C-44F0-8CE0-9E3C34F68413} = {FB7CC681-6903-4E82-AA03-57531CEC9529}
		{1ECB58FC-5C5B-4996-B590-5A7CE0EA0519} = {FB7CC681-6903-4E82-AA03-57531CEC9529}
		{2FC22C77-07DB-4E9A-A06E-9481BFE369F9} = {FB7CC681-6903-4E82-AA03-57531CEC9529}
		{CC47018A-0489-494C-A9BF-172402134DDA} = {FB7CC681-6903-4E82-AA03-57531CEC9529}
		{4759CA6B-DD39-41D1-A6D5-B68AF9E59480} = {FB7CC681-6903-4E82-AA03-57531CEC9529}
		{0377224C-720D-4D3E-8DB2-C4936CDFA6D2} = {9A189FC6-BA25-49FB-9256-D3C76CD1DC11}
		{74203CF7-AA3E-4490-AFBD-B94BC747263D} = {9A189FC6-BA25-49FB-9256-D3C76CD1DC11}
		{104C5799-ED53-413A-87EC-9ED1B6E5AAC1} = {29CF2D67-A5C7-4487-AFB3-73DDE4C099D2}
		{818DDA7A-ED66-4148-8107-FE541F0BDE54} = {29CF2D67-A5C7-4487-AFB3-73DDE4C099D2}
		{DF66F4FD-D8F9-4CB5-9142-8836D852944C} = {29CF2D67-A5C7-4487-AFB3-73DDE4C099D2}
		{DA96B9C4-6B99-407A-9622-425674C4726A} = {29CF2D67-A5C7-4487-AFB3-73DDE4C099D2}
		{030702A3-F1EC-4CE4-80CA-3223628DE69D} = {29CF2D67-A5C7-4487-AFB3-73DDE4C099D2}
		{08657FEB-4C43-4D37-9AB8-6746256F6D90} = {29CF2D67-A5C7-4487-AFB3-73DDE4C099D2}
		{7D31FDE7-9B36-419A-B981-28AC08B0CD99} = {29CF2D67-A5C7-4487-AFB3-73DDE4C099D2}
		{691FDC8F-E1C9-4E7F-81D4-127AD2E7CE2E} = {29CF2D67-A5C7-4487-AFB3-73DDE4C099D2}
		{B286B51E-16D5-4B68-9BA5-3EA1BFA00613} = {29CF2D67-A5C7-4487-AFB3-73DDE4C099D2}
		{E080D103-DA98-461F-BACA-CA23198F1AAB} = {29CF2D67-A5C7-4487-AFB3-73DDE4C099D2}
		{5C624282-DC40-4BDD-9D0F-076B3D9B6C28} = {29CF2D67-A5C7-4487-AFB3-73DDE4C099D2}
		{FEA1C63D-D910-45D7-8427-FDB6162AE550} = {29CF2D67-A5C7-4487-AFB3-73DDE4C099D2}
		{0CE0878C-76C4-4BCA-A1A2-E14A7070BE84} = {EE3B7E56-668D-484E-9C88-F80CD639AD55}
		{9174A884-2ED4-4752-853F-E40773CD4EEC} = {EE3B7E56-668D-484E-9C88-F80CD639AD55}
		{FD40A68E-C034-4597-AE58-275D47EA2E64} = {FB7CC681-6903-4E82-AA03-57531CEC9529}
		{0D6095DD-C477-4116-8A6B-260484883434} = {FB7CC681-6903-4E82-AA03-57531CEC9529}
		{00057122-B904-47B6-9B2B-4BBCECF9CF1F} = {FB7CC681-6903-4E82-AA03-57531CEC9529}
		{7FB7746B-2AA9-4CC2-9E83-460DD76055E9} = {29CF2D67-A5C7-4487-AFB3-73DDE4C099D2}
	EndGlobalSection
	GlobalSection(ExtensibilityGlobals) = postSolution
		SolutionGuid = {6583BD42-A4DA-4450-9B6E-DABEE30C31D4}
	EndGlobalSection
EndGlobal
